// !$*UTF8*$!
{
	archiveVersion = 1;
	classes = {
	};
	objectVersion = 77;
	objects = {

/* Begin PBXBuildFile section */
		3F755D7F302CA9BD00344C25 /* FirebaseAuth in Frameworks */ = {isa = PBXBuildFile; productRef = 3F755D7E302CA9BD00344C25 /* FirebaseAuth */; };
		3F755D81302CA9BD00344C25 /* FirebaseCore in Frameworks */ = {isa = PBXBuildFile; productRef = 3F755D80302CA9BD00344C25 /* FirebaseCore */; };
		3F755D83302CA9BD00344C25 /* FirebaseCrashlytics in Frameworks */ = {isa = PBXBuildFile; productRef = 3F755D82302CA9BD00344C25 /* FirebaseCrashlytics */; };
		3F755D85302CA9BD00344C25 /* FirebaseFirestore in Frameworks */ = {isa = PBXBuildFile; productRef = 3F755D84302CA9BD00344C25 /* FirebaseFirestore */; };
		3FBA5CFD302D3A07004D889A /* FirebaseMessaging in Frameworks */ = {isa = PBXBuildFile; productRef = 3FBA5CFC302D3A07004D889A /* FirebaseMessaging */; };
		3FBA5D07302DFB3F004D889A /* WidgetKit.framework in Frameworks */ = {isa = PBXBuildFile; fileRef = 3F7FDE9B302C9AF500B97DCE /* WidgetKit.framework */; };
		3FBA5D08302DFB3F004D889A /* SwiftUI.framework in Frameworks */ = {isa = PBXBuildFile; fileRef = 3F7FDE9D302C9AF600B97DCE /* SwiftUI.framework */; };
		3FBA5D15302DFB40004D889A /* PsyesWidgetExtension.appex in Embed Foundation Extensions */ = {isa = PBXBuildFile; fileRef = 3FBA5D06302DFB3F004D889A /* PsyesWidgetExtension.appex */; settings = {ATTRIBUTES = (RemoveHeadersOnCopy, ); }; };
		3FF7DD1D3006EB1E00927CC5 /* GoogleSignIn in Frameworks */ = {isa = PBXBuildFile; productRef = 3FF7DD1C3006EB1E00927CC5 /* GoogleSignIn */; };
		3FF7DD1F3006EB1E00927CC5 /* GoogleSignInSwift in Frameworks */ = {isa = PBXBuildFile; productRef = 3FF7DD1E3006EB1E00927CC5 /* GoogleSignInSwift */; };
/* End PBXBuildFile section */

/* Begin PBXContainerItemProxy section */
		3FBA5D13302DFB40004D889A /* PBXContainerItemProxy */ = {
			isa = PBXContainerItemProxy;
			containerPortal = 3F59B6DB2F81DB4200FA5F86 /* Project object */;
			proxyType = 1;
			remoteGlobalIDString = 3FBA5D05302DFB3F004D889A;
			remoteInfo = PsyesWidgetExtension;
		};
/* End PBXContainerItemProxy section */

/* Begin PBXCopyFilesBuildPhase section */
		3F7FDEAA302C9AF700B97DCE /* Embed Foundation Extensions */ = {
			isa = PBXCopyFilesBuildPhase;
			buildActionMask = 2147483647;
			dstPath = "";
			dstSubfolderSpec = 13;
			files = (
				3FBA5D15302DFB40004D889A /* PsyesWidgetExtension.appex in Embed Foundation Extensions */,
			);
			name = "Embed Foundation Extensions";
			runOnlyForDeploymentPostprocessing = 0;
		};
/* End PBXCopyFilesBuildPhase section */

/* Begin PBXFileReference section */
		3F7FDE9B302C9AF500B97DCE /* WidgetKit.framework */ = {isa = PBXFileReference; lastKnownFileType = wrapper.framework; name = WidgetKit.framework; path = System/Library/Frameworks/WidgetKit.framework; sourceTree = SDKROOT; };
		3F7FDE9D302C9AF600B97DCE /* SwiftUI.framework */ = {isa = PBXFileReference; lastKnownFileType = wrapper.framework; name = SwiftUI.framework; path = System/Library/Frameworks/SwiftUI.framework; sourceTree = SDKROOT; };
		3F873CD12F86AACB0002543A /* Psyes.app */ = {isa = PBXFileReference; explicitFileType = wrapper.application; includeInIndex = 0; path = Psyes.app; sourceTree = BUILT_PRODUCTS_DIR; };
		3FBA5D06302DFB3F004D889A /* PsyesWidgetExtension.appex */ = {isa = PBXFileReference; explicitFileType = "wrapper.app-extension"; includeInIndex = 0; path = PsyesWidgetExtension.appex; sourceTree = BUILT_PRODUCTS_DIR; };
/* End PBXFileReference section */

/* Begin PBXFileSystemSynchronizedBuildFileExceptionSet section */
		3FBA5D19302DFB40004D889A /* Exceptions for "PsyesWidget" folder in "PsyesWidgetExtension" target */ = {
			isa = PBXFileSystemSynchronizedBuildFileExceptionSet;
			membershipExceptions = (
				Info.plist,
			);
			target = 3FBA5D05302DFB3F004D889A /* PsyesWidgetExtension */;
		};
		3FBA5D1D302DFBB9004D889A /* Exceptions for "PsicoFlow" folder in "PsyesWidgetExtension" target */ = {
			isa = PBXFileSystemSynchronizedBuildFileExceptionSet;
			membershipExceptions = (
				Models/SessionActivityAttributes.swift,
			);
			target = 3FBA5D05302DFB3F004D889A /* PsyesWidgetExtension */;
		};
		3FF7DD233006ECA200927CC5 /* Exceptions for "PsicoFlow" folder in "PsicoFlow" target */ = {
			isa = PBXFileSystemSynchronizedBuildFileExceptionSet;
			membershipExceptions = (
				Info.plist,
			);
			target = 3F59B6E22F81DB4200FA5F86 /* PsicoFlow */;
		};
/* End PBXFileSystemSynchronizedBuildFileExceptionSet section */

/* Begin PBXFileSystemSynchronizedRootGroup section */
		3F59B6E52F81DB4200FA5F86 /* PsicoFlow */ = {
			isa = PBXFileSystemSynchronizedRootGroup;
			exceptions = (
				3FF7DD233006ECA200927CC5 /* Exceptions for "PsicoFlow" folder in "PsicoFlow" target */,
				3FBA5D1D302DFBB9004D889A /* Exceptions for "PsicoFlow" folder in "PsyesWidgetExtension" target */,
			);
			path = PsicoFlow;
			sourceTree = "<group>";
		};
		3FBA5D09302DFB3F004D889A /* PsyesWidget */ = {
			isa = PBXFileSystemSynchronizedRootGroup;
			exceptions = (
				3FBA5D19302DFB40004D889A /* Exceptions for "PsyesWidget" folder in "PsyesWidgetExtension" target */,
			);
			path = PsyesWidget;
			sourceTree = "<group>";
		};
/* End PBXFileSystemSynchronizedRootGroup section */

/* Begin PBXFrameworksBuildPhase section */
		3F59B6E02F81DB4200FA5F86 /* Frameworks */ = {
			isa = PBXFrameworksBuildPhase;
			buildActionMask = 2147483647;
			files = (
				3FF7DD1F3006EB1E00927CC5 /* GoogleSignInSwift in Frameworks */,
				3F755D7F302CA9BD00344C25 /* FirebaseAuth in Frameworks */,
				3FBA5CFD302D3A07004D889A /* FirebaseMessaging in Frameworks */,
				3F755D83302CA9BD00344C25 /* FirebaseCrashlytics in Frameworks */,
				3F755D81302CA9BD00344C25 /* FirebaseCore in Frameworks */,
				3FF7DD1D3006EB1E00927CC5 /* GoogleSignIn in Frameworks */,
				3F755D85302CA9BD00344C25 /* FirebaseFirestore in Frameworks */,
			);
			runOnlyForDeploymentPostprocessing = 0;
		};
		3FBA5D03302DFB3F004D889A /* Frameworks */ = {
			isa = PBXFrameworksBuildPhase;
			buildActionMask = 2147483647;
			files = (
				3FBA5D08302DFB3F004D889A /* SwiftUI.framework in Frameworks */,
				3FBA5D07302DFB3F004D889A /* WidgetKit.framework in Frameworks */,
			);
			runOnlyForDeploymentPostprocessing = 0;
		};
/* End PBXFrameworksBuildPhase section */

/* Begin PBXGroup section */
		3F59B6DA2F81DB4200FA5F86 = {
			isa = PBXGroup;
			children = (
				3F59B6E52F81DB4200FA5F86 /* PsicoFlow */,
				3F873CD12F86AACB0002543A /* Psyes.app */,
				3FBA5D09302DFB3F004D889A /* PsyesWidget */,
				3F7FDE9A302C9AF500B97DCE /* Frameworks */,
				3FBA5D06302DFB3F004D889A /* PsyesWidgetExtension.appex */,
			);
			sourceTree = "<group>";
		};
		3F7FDE9A302C9AF500B97DCE /* Frameworks */ = {
			isa = PBXGroup;
			children = (
				3F7FDE9B302C9AF500B97DCE /* WidgetKit.framework */,
				3F7FDE9D302C9AF600B97DCE /* SwiftUI.framework */,
			);
			name = Frameworks;
			sourceTree = "<group>";
		};
/* End PBXGroup section */

/* Begin PBXNativeTarget section */
		3F59B6E22F81DB4200FA5F86 /* PsicoFlow */ = {
			isa = PBXNativeTarget;
			buildConfigurationList = 3F59B6EE2F81DB4200FA5F86 /* Build configuration list for PBXNativeTarget "PsicoFlow" */;
			buildPhases = (
				3F59B6DF2F81DB4200FA5F86 /* Sources */,
				3F59B6E02F81DB4200FA5F86 /* Frameworks */,
				3F59B6E12F81DB4200FA5F86 /* Resources */,
				3FADFCD83023D7C60051CE03 /* ShellScript */,
				3F7FDEAA302C9AF700B97DCE /* Embed Foundation Extensions */,
			);
			buildRules = (
			);
			dependencies = (
				3FBA5D14302DFB40004D889A /* PBXTargetDependency */,
			);
			fileSystemSynchronizedGroups = (
				3F59B6E52F81DB4200FA5F86 /* PsicoFlow */,
			);
			name = PsicoFlow;
			packageProductDependencies = (
				3FF7DD1C3006EB1E00927CC5 /* GoogleSignIn */,
				3FF7DD1E3006EB1E00927CC5 /* GoogleSignInSwift */,
				3F755D7E302CA9BD00344C25 /* FirebaseAuth */,
				3F755D80302CA9BD00344C25 /* FirebaseCore */,
				3F755D82302CA9BD00344C25 /* FirebaseCrashlytics */,
				3F755D84302CA9BD00344C25 /* FirebaseFirestore */,
				3FBA5CFC302D3A07004D889A /* FirebaseMessaging */,
			);
			productName = PsicoFlow;
			productReference = 3F873CD12F86AACB0002543A /* Psyes.app */;
			productType = "com.apple.product-type.application";
		};
		3FBA5D05302DFB3F004D889A /* PsyesWidgetExtension */ = {
			isa = PBXNativeTarget;
			buildConfigurationList = 3FBA5D16302DFB40004D889A /* Build configuration list for PBXNativeTarget "PsyesWidgetExtension" */;
			buildPhases = (
				3FBA5D02302DFB3F004D889A /* Sources */,
				3FBA5D03302DFB3F004D889A /* Frameworks */,
				3FBA5D04302DFB3F004D889A /* Resources */,
			);
			buildRules = (
			);
			dependencies = (
			);
			fileSystemSynchronizedGroups = (
				3FBA5D09302DFB3F004D889A /* PsyesWidget */,
			);
			name = PsyesWidgetExtension;
			packageProductDependencies = (
			);
			productName = PsyesWidgetExtension;
			productReference = 3FBA5D06302DFB3F004D889A /* PsyesWidgetExtension.appex */;
			productType = "com.apple.product-type.app-extension";
		};
/* End PBXNativeTarget section */

/* Begin PBXProject section */
		3F59B6DB2F81DB4200FA5F86 /* Project object */ = {
			isa = PBXProject;
			attributes = {
				BuildIndependentTargetsInParallel = 1;
				LastSwiftUpdateCheck = 2600;
				LastUpgradeCheck = 2600;
				TargetAttributes = {
					3F59B6E22F81DB4200FA5F86 = {
						CreatedOnToolsVersion = 26.0.1;
					};
					3FBA5D05302DFB3F004D889A = {
						CreatedOnToolsVersion = 26.0.1;
					};
				};
			};
			buildConfigurationList = 3F59B6DE2F81DB4200FA5F86 /* Build configuration list for PBXProject "PsicoFlow" */;
			developmentRegion = "pt-BR";
			hasScannedForEncodings = 0;
			knownRegions = (
				Base,
				"pt-BR",
			);
			mainGroup = 3F59B6DA2F81DB4200FA5F86;
			minimizedProjectReferenceProxies = 1;
			packageReferences = (
				3FF7DD1B3006EB1E00927CC5 /* XCRemoteSwiftPackageReference "GoogleSignIn-iOS" */,
				3F755D7D302CA9BD00344C25 /* XCRemoteSwiftPackageReference "firebase-ios-sdk" */,
			);
			preferredProjectObjectVersion = 77;
			productRefGroup = 3F59B6DA2F81DB4200FA5F86;
			projectDirPath = "";
			projectRoot = "";
			targets = (
				3F59B6E22F81DB4200FA5F86 /* PsicoFlow */,
				3FBA5D05302DFB3F004D889A /* PsyesWidgetExtension */,
			);
		};
/* End PBXProject section */

/* Begin PBXResourcesBuildPhase section */
		3F59B6E12F81DB4200FA5F86 /* Resources */ = {
			isa = PBXResourcesBuildPhase;
			buildActionMask = 2147483647;
			files = (
			);
			runOnlyForDeploymentPostprocessing = 0;
		};
		3FBA5D04302DFB3F004D889A /* Resources */ = {
			isa = PBXResourcesBuildPhase;
			buildActionMask = 2147483647;
			files = (
			);
			runOnlyForDeploymentPostprocessing = 0;
		};
/* End PBXResourcesBuildPhase section */

/* Begin PBXShellScriptBuildPhase section */
		3FADFCD83023D7C60051CE03 /* ShellScript */ = {
			isa = PBXShellScriptBuildPhase;
			buildActionMask = 2147483647;
			files = (
			);
			inputFileListPaths = (
			);
			inputPaths = (
				"${DWARF_DSYM_FOLDER_PATH}/${DWARF_DSYM_FILE_NAME}/Contents/Resources/DWARF/${TARGET_NAME}",
				"$(SRCROOT)/$(BUILT_PRODUCTS_DIR)/$(INFOPLIST_PATH)",
			);
			outputFileListPaths = (
			);
			outputPaths = (
			);
			runOnlyForDeploymentPostprocessing = 0;
			shellPath = /bin/sh;
			shellScript = "# Type a script or drag a script file from your workspace to insert its path.\n\"${BUILD_DIR%Build/*}SourcePackages/checkouts/firebase-ios-sdk/Crashlytics/run\" -gsp \"/Users/kenay/Library/Mobile Documents/com~apple~CloudDocs/Codes/Pessoais/PsicoFlow/PsicoFlow/GoogleService-Info.plist\"\n";
		};
/* End PBXShellScriptBuildPhase section */

/* Begin PBXSourcesBuildPhase section */
		3F59B6DF2F81DB4200FA5F86 /* Sources */ = {
			isa = PBXSourcesBuildPhase;
			buildActionMask = 2147483647;
			files = (
			);
			runOnlyForDeploymentPostprocessing = 0;
		};
		3FBA5D02302DFB3F004D889A /* Sources */ = {
			isa = PBXSourcesBuildPhase;
			buildActionMask = 2147483647;
			files = (
			);
			runOnlyForDeploymentPostprocessing = 0;
		};
/* End PBXSourcesBuildPhase section */

/* Begin PBXTargetDependency section */
		3FBA5D14302DFB40004D889A /* PBXTargetDependency */ = {
			isa = PBXTargetDependency;
			target = 3FBA5D05302DFB3F004D889A /* PsyesWidgetExtension */;
			targetProxy = 3FBA5D13302DFB40004D889A /* PBXContainerItemProxy */;
		};
/* End PBXTargetDependency section */

/* Begin XCBuildConfiguration section */
		3F59B6EC2F81DB4200FA5F86 /* Debug */ = {
			isa = XCBuildConfiguration;
			buildSettings = {
				ALWAYS_SEARCH_USER_PATHS = NO;
				ASSETCATALOG_COMPILER_GENERATE_SWIFT_ASSET_SYMBOL_EXTENSIONS = YES;
				CLANG_ANALYZER_NONNULL = YES;
				CLANG_ANALYZER_NUMBER_OBJECT_CONVERSION = YES_AGGRESSIVE;
				CLANG_CXX_LANGUAGE_STANDARD = "gnu++20";
				CLANG_ENABLE_MODULES = YES;
				CLANG_ENABLE_OBJC_ARC = YES;
				CLANG_ENABLE_OBJC_WEAK = YES;
				CLANG_WARN_BLOCK_CAPTURE_AUTORELEASING = YES;
				CLANG_WARN_BOOL_CONVERSION = YES;
				CLANG_WARN_COMMA = YES;
				CLANG_WARN_CONSTANT_CONVERSION = YES;
				CLANG_WARN_DEPRECATED_OBJC_IMPLEMENTATIONS = YES;
				CLANG_WARN_DIRECT_OBJC_ISA_USAGE = YES_ERROR;
				CLANG_WARN_DOCUMENTATION_COMMENTS = YES;
				CLANG_WARN_EMPTY_BODY = YES;
				CLANG_WARN_ENUM_CONVERSION = YES;
				CLANG_WARN_INFINITE_RECURSION = YES;
				CLANG_WARN_INT_CONVERSION = YES;
				CLANG_WARN_NON_LITERAL_NULL_CONVERSION = YES;
				CLANG_WARN_OBJC_IMPLICIT_RETAIN_SELF = YES;
				CLANG_WARN_OBJC_LITERAL_CONVERSION = YES;
				CLANG_WARN_OBJC_ROOT_CLASS = YES_ERROR;
				CLANG_WARN_QUOTED_INCLUDE_IN_FRAMEWORK_HEADER = YES;
				CLANG_WARN_RANGE_LOOP_ANALYSIS = YES;
				CLANG_WARN_STRICT_PROTOTYPES = YES;
				CLANG_WARN_SUSPICIOUS_MOVE = YES;
				CLANG_WARN_UNGUARDED_AVAILABILITY = YES_AGGRESSIVE;
				CLANG_WARN_UNREACHABLE_CODE = YES;
				CLANG_WARN__DUPLICATE_METHOD_MATCH = YES;
				COPY_PHASE_STRIP = NO;
				DEBUG_INFORMATION_FORMAT = "dwarf-with-dsym";
				DEVELOPMENT_TEAM = MR7Z669DU4;
				ENABLE_STRICT_OBJC_MSGSEND = YES;
				ENABLE_TESTABILITY = YES;
				ENABLE_USER_SCRIPT_SANDBOXING = NO;
				GCC_C_LANGUAGE_STANDARD = gnu17;
				GCC_DYNAMIC_NO_PIC = NO;
				GCC_NO_COMMON_BLOCKS = YES;
				GCC_OPTIMIZATION_LEVEL = 0;
				GCC_PREPROCESSOR_DEFINITIONS = (
					"DEBUG=1",
					"$(inherited)",
				);
				GCC_WARN_64_TO_32_BIT_CONVERSION = YES;
				GCC_WARN_ABOUT_RETURN_TYPE = YES_ERROR;
				GCC_WARN_UNDECLARED_SELECTOR = YES;
				GCC_WARN_UNINITIALIZED_AUTOS = YES_AGGRESSIVE;
				GCC_WARN_UNUSED_FUNCTION = YES;
				GCC_WARN_UNUSED_VARIABLE = YES;
				IPHONEOS_DEPLOYMENT_TARGET = 26.0;
				LOCALIZATION_PREFERS_STRING_CATALOGS = YES;
				MTL_ENABLE_DEBUG_INFO = INCLUDE_SOURCE;
				MTL_FAST_MATH = YES;
				ONLY_ACTIVE_ARCH = YES;
				SDKROOT = iphoneos;
				SWIFT_ACTIVE_COMPILATION_CONDITIONS = "DEBUG $(inherited)";
				SWIFT_OPTIMIZATION_LEVEL = "-Onone";
			};
			name = Debug;
		};
		3F59B6ED2F81DB4200FA5F86 /* Release */ = {
			isa = XCBuildConfiguration;
			buildSettings = {
				ALWAYS_SEARCH_USER_PATHS = NO;
				ASSETCATALOG_COMPILER_GENERATE_SWIFT_ASSET_SYMBOL_EXTENSIONS = YES;
				CLANG_ANALYZER_NONNULL = YES;
				CLANG_ANALYZER_NUMBER_OBJECT_CONVERSION = YES_AGGRESSIVE;
				CLANG_CXX_LANGUAGE_STANDARD = "gnu++20";
				CLANG_ENABLE_MODULES = YES;
				CLANG_ENABLE_OBJC_ARC = YES;
				CLANG_ENABLE_OBJC_WEAK = YES;
				CLANG_WARN_BLOCK_CAPTURE_AUTORELEASING = YES;
				CLANG_WARN_BOOL_CONVERSION = YES;
				CLANG_WARN_COMMA = YES;
				CLANG_WARN_CONSTANT_CONVERSION = YES;
				CLANG_WARN_DEPRECATED_OBJC_IMPLEMENTATIONS = YES;
				CLANG_WARN_DIRECT_OBJC_ISA_USAGE = YES_ERROR;
				CLANG_WARN_DOCUMENTATION_COMMENTS = YES;
				CLANG_WARN_EMPTY_BODY = YES;
				CLANG_WARN_ENUM_CONVERSION = YES;
				CLANG_WARN_INFINITE_RECURSION = YES;
				CLANG_WARN_INT_CONVERSION = YES;
				CLANG_WARN_NON_LITERAL_NULL_CONVERSION = YES;
				CLANG_WARN_OBJC_IMPLICIT_RETAIN_SELF = YES;
				CLANG_WARN_OBJC_LITERAL_CONVERSION = YES;
				CLANG_WARN_OBJC_ROOT_CLASS = YES_ERROR;
				CLANG_WARN_QUOTED_INCLUDE_IN_FRAMEWORK_HEADER = YES;
				CLANG_WARN_RANGE_LOOP_ANALYSIS = YES;
				CLANG_WARN_STRICT_PROTOTYPES = YES;
				CLANG_WARN_SUSPICIOUS_MOVE = YES;
				CLANG_WARN_UNGUARDED_AVAILABILITY = YES_AGGRESSIVE;
				CLANG_WARN_UNREACHABLE_CODE = YES;
				CLANG_WARN__DUPLICATE_METHOD_MATCH = YES;
				COPY_PHASE_STRIP = NO;
				DEBUG_INFORMATION_FORMAT = "dwarf-with-dsym";
				DEVELOPMENT_TEAM = MR7Z669DU4;
				ENABLE_NS_ASSERTIONS = NO;
				ENABLE_STRICT_OBJC_MSGSEND = YES;
				ENABLE_USER_SCRIPT_SANDBOXING = NO;
				GCC_C_LANGUAGE_STANDARD = gnu17;
				GCC_NO_COMMON_BLOCKS = YES;
				GCC_WARN_64_TO_32_BIT_CONVERSION = YES;
				GCC_WARN_ABOUT_RETURN_TYPE = YES_ERROR;
				GCC_WARN_UNDECLARED_SELECTOR = YES;
				GCC_WARN_UNINITIALIZED_AUTOS = YES_AGGRESSIVE;
				GCC_WARN_UNUSED_FUNCTION = YES;
				GCC_WARN_UNUSED_VARIABLE = YES;
				IPHONEOS_DEPLOYMENT_TARGET = 26.0;
				LOCALIZATION_PREFERS_STRING_CATALOGS = YES;
				MTL_ENABLE_DEBUG_INFO = NO;
				MTL_FAST_MATH = YES;
				SDKROOT = iphoneos;
				SWIFT_COMPILATION_MODE = wholemodule;
				VALIDATE_PRODUCT = YES;
			};
			name = Release;
		};
		3F59B6EF2F81DB4200FA5F86 /* Debug */ = {
			isa = XCBuildConfiguration;
			buildSettings = {
				ASSETCATALOG_COMPILER_APPICON_NAME = AppIcon;
				ASSETCATALOG_COMPILER_GLOBAL_ACCENT_COLOR_NAME = AccentColor;
				CODE_SIGN_ENTITLEMENTS = PsicoFlow/PsicoFlow.entitlements;
				CODE_SIGN_STYLE = Automatic;
				CURRENT_PROJECT_VERSION = 1;
				DEVELOPMENT_TEAM = MR7Z669DU4;
				ENABLE_PREVIEWS = YES;
				GENERATE_INFOPLIST_FILE = YES;
				INFOPLIST_FILE = PsicoFlow/Info.plist;
				INFOPLIST_KEY_CFBundleDisplayName = Psyes;
				INFOPLIST_KEY_NSFaceIDUsageDescription = "Confirme sua identidade para acessar o aplicativo.";
				INFOPLIST_KEY_NSSupportsLiveActivities = YES;
				INFOPLIST_KEY_UIApplicationSceneManifest_Generation = YES;
				INFOPLIST_KEY_UIApplicationSupportsIndirectInputEvents = YES;
				INFOPLIST_KEY_UILaunchScreen_Generation = YES;
				INFOPLIST_KEY_UISupportedInterfaceOrientations = UIInterfaceOrientationPortrait;
				IPHONEOS_DEPLOYMENT_TARGET = 17.6;
				LD_RUNPATH_SEARCH_PATHS = (
					"$(inherited)",
					"@executable_path/Frameworks",
				);
				MARKETING_VERSION = 1.0;
				PRODUCT_BUNDLE_IDENTIFIER = com.kenay.psyes;
				PRODUCT_NAME = Psyes;
				STRING_CATALOG_GENERATE_SYMBOLS = YES;
				SUPPORTED_PLATFORMS = "iphoneos iphonesimulator";
				SUPPORTS_MACCATALYST = NO;
				SUPPORTS_MAC_DESIGNED_FOR_IPHONE_IPAD = NO;
				SUPPORTS_XR_DESIGNED_FOR_IPHONE_IPAD = NO;
				SWIFT_APPROACHABLE_CONCURRENCY = YES;
				SWIFT_DEFAULT_ACTOR_ISOLATION = MainActor;
				SWIFT_EMIT_LOC_STRINGS = YES;
				SWIFT_UPCOMING_FEATURE_MEMBER_IMPORT_VISIBILITY = YES;
				SWIFT_VERSION = 5.0;
				TARGETED_DEVICE_FAMILY = "1,2";
			};
			name = Debug;
		};
		3F59B6F02F81DB4200FA5F86 /* Release */ = {
			isa = XCBuildConfiguration;
			buildSettings = {
				ASSETCATALOG_COMPILER_APPICON_NAME = AppIcon;
				ASSETCATALOG_COMPILER_GLOBAL_ACCENT_COLOR_NAME = AccentColor;
				CODE_SIGN_ENTITLEMENTS = PsicoFlow/PsicoFlow.entitlements;
				CODE_SIGN_STYLE = Automatic;
				CURRENT_PROJECT_VERSION = 1;
				DEVELOPMENT_TEAM = MR7Z669DU4;
				ENABLE_PREVIEWS = YES;
				GENERATE_INFOPLIST_FILE = YES;
				INFOPLIST_FILE = PsicoFlow/Info.plist;
				INFOPLIST_KEY_CFBundleDisplayName = Psyes;
				INFOPLIST_KEY_NSFaceIDUsageDescription = "Confirme sua identidade para acessar o aplicativo.";
				INFOPLIST_KEY_NSSupportsLiveActivities = YES;
				INFOPLIST_KEY_UIApplicationSceneManifest_Generation = YES;
				INFOPLIST_KEY_UIApplicationSupportsIndirectInputEvents = YES;
				INFOPLIST_KEY_UILaunchScreen_Generation = YES;
				INFOPLIST_KEY_UISupportedInterfaceOrientations = UIInterfaceOrientationPortrait;
				IPHONEOS_DEPLOYMENT_TARGET = 17.6;
				LD_RUNPATH_SEARCH_PATHS = (
					"$(inherited)",
					"@executable_path/Frameworks",
				);
				MARKETING_VERSION = 1.0;
				PRODUCT_BUNDLE_IDENTIFIER = com.kenay.psyes;
				PRODUCT_NAME = Psyes;
				STRING_CATALOG_GENERATE_SYMBOLS = YES;
				SUPPORTED_PLATFORMS = "iphoneos iphonesimulator";
				SUPPORTS_MACCATALYST = NO;
				SUPPORTS_MAC_DESIGNED_FOR_IPHONE_IPAD = NO;
				SUPPORTS_XR_DESIGNED_FOR_IPHONE_IPAD = NO;
				SWIFT_APPROACHABLE_CONCURRENCY = YES;
				SWIFT_DEFAULT_ACTOR_ISOLATION = MainActor;
				SWIFT_EMIT_LOC_STRINGS = YES;
				SWIFT_UPCOMING_FEATURE_MEMBER_IMPORT_VISIBILITY = YES;
				SWIFT_VERSION = 5.0;
				TARGETED_DEVICE_FAMILY = "1,2";
			};
			name = Release;
		};
		3FBA5D17302DFB40004D889A /* Debug */ = {
			isa = XCBuildConfiguration;
			buildSettings = {
				ASSETCATALOG_COMPILER_GLOBAL_ACCENT_COLOR_NAME = AccentColor;
				ASSETCATALOG_COMPILER_WIDGET_BACKGROUND_COLOR_NAME = WidgetBackground;
				CODE_SIGN_STYLE = Automatic;
				CURRENT_PROJECT_VERSION = 1;
				DEBUG_INFORMATION_FORMAT = dwarf;
				DEVELOPMENT_TEAM = MR7Z669DU4;
				ENABLE_USER_SCRIPT_SANDBOXING = YES;
				GENERATE_INFOPLIST_FILE = YES;
				INFOPLIST_FILE = PsyesWidget/Info.plist;
				INFOPLIST_KEY_CFBundleDisplayName = PsyesWidget;
				INFOPLIST_KEY_NSHumanReadableCopyright = "";
				LD_RUNPATH_SEARCH_PATHS = (
					"$(inherited)",
					"@executable_path/Frameworks",
					"@executable_path/../../Frameworks",
				);
				MARKETING_VERSION = 1.0;
				PRODUCT_BUNDLE_IDENTIFIER = com.kenay.psyes.PsyesWidget;
				PRODUCT_NAME = "$(TARGET_NAME)";
				SKIP_INSTALL = YES;
				STRING_CATALOG_GENERATE_SYMBOLS = YES;
				SWIFT_APPROACHABLE_CONCURRENCY = YES;
				SWIFT_EMIT_LOC_STRINGS = YES;
				SWIFT_UPCOMING_FEATURE_MEMBER_IMPORT_VISIBILITY = YES;
				SWIFT_VERSION = 5.0;
				TARGETED_DEVICE_FAMILY = "1,2";
			};
			name = Debug;
		};
		3FBA5D18302DFB40004D889A /* Release */ = {
			isa = XCBuildConfiguration;
			buildSettings = {
				ASSETCATALOG_COMPILER_GLOBAL_ACCENT_COLOR_NAME = AccentColor;
				ASSETCATALOG_COMPILER_WIDGET_BACKGROUND_COLOR_NAME = WidgetBackground;
				CODE_SIGN_STYLE = Automatic;
				CURRENT_PROJECT_VERSION = 1;
				DEVELOPMENT_TEAM = MR7Z669DU4;
				ENABLE_USER_SCRIPT_SANDBOXING = YES;
				GENERATE_INFOPLIST_FILE = YES;
				INFOPLIST_FILE = PsyesWidget/Info.plist;
				INFOPLIST_KEY_CFBundleDisplayName = PsyesWidget;
				INFOPLIST_KEY_NSHumanReadableCopyright = "";
				LD_RUNPATH_SEARCH_PATHS = (
					"$(inherited)",
					"@executable_path/Frameworks",
					"@executable_path/../../Frameworks",
				);
				MARKETING_VERSION = 1.0;
				PRODUCT_BUNDLE_IDENTIFIER = com.kenay.psyes.PsyesWidget;
				PRODUCT_NAME = "$(TARGET_NAME)";
				SKIP_INSTALL = YES;
				STRING_CATALOG_GENERATE_SYMBOLS = YES;
				SWIFT_APPROACHABLE_CONCURRENCY = YES;
				SWIFT_EMIT_LOC_STRINGS = YES;
				SWIFT_UPCOMING_FEATURE_MEMBER_IMPORT_VISIBILITY = YES;
				SWIFT_VERSION = 5.0;
				TARGETED_DEVICE_FAMILY = "1,2";
			};
			name = Release;
		};
/* End XCBuildConfiguration section */

/* Begin XCConfigurationList section */
		3F59B6DE2F81DB4200FA5F86 /* Build configuration list for PBXProject "PsicoFlow" */ = {
			isa = XCConfigurationList;
			buildConfigurations = (
				3F59B6EC2F81DB4200FA5F86 /* Debug */,
				3F59B6ED2F81DB4200FA5F86 /* Release */,
			);
			defaultConfigurationIsVisible = 0;
			defaultConfigurationName = Release;
		};
		3F59B6EE2F81DB4200FA5F86 /* Build configuration list for PBXNativeTarget "PsicoFlow" */ = {
			isa = XCConfigurationList;
			buildConfigurations = (
				3F59B6EF2F81DB4200FA5F86 /* Debug */,
				3F59B6F02F81DB4200FA5F86 /* Release */,
			);
			defaultConfigurationIsVisible = 0;
			defaultConfigurationName = Release;
		};
		3FBA5D16302DFB40004D889A /* Build configuration list for PBXNativeTarget "PsyesWidgetExtension" */ = {
			isa = XCConfigurationList;
			buildConfigurations = (
				3FBA5D17302DFB40004D889A /* Debug */,
				3FBA5D18302DFB40004D889A /* Release */,
			);
			defaultConfigurationIsVisible = 0;
			defaultConfigurationName = Release;
		};
/* End XCConfigurationList section */

/* Begin XCRemoteSwiftPackageReference section */
		3F755D7D302CA9BD00344C25 /* XCRemoteSwiftPackageReference "firebase-ios-sdk" */ = {
			isa = XCRemoteSwiftPackageReference;
			repositoryURL = "https://github.com/firebase/firebase-ios-sdk";
			requirement = {
				kind = upToNextMajorVersion;
				minimumVersion = 12.17.0;
			};
		};
		3FF7DD1B3006EB1E00927CC5 /* XCRemoteSwiftPackageReference "GoogleSignIn-iOS" */ = {
			isa = XCRemoteSwiftPackageReference;
			repositoryURL = "https://github.com/google/GoogleSignIn-iOS";
			requirement = {
				kind = upToNextMajorVersion;
				minimumVersion = 9.2.0;
			};
		};
/* End XCRemoteSwiftPackageReference section */

/* Begin XCSwiftPackageProductDependency section */
		3F755D7E302CA9BD00344C25 /* FirebaseAuth */ = {
			isa = XCSwiftPackageProductDependency;
			package = 3F755D7D302CA9BD00344C25 /* XCRemoteSwiftPackageReference "firebase-ios-sdk" */;
			productName = FirebaseAuth;
		};
		3F755D80302CA9BD00344C25 /* FirebaseCore */ = {
			isa = XCSwiftPackageProductDependency;
			package = 3F755D7D302CA9BD00344C25 /* XCRemoteSwiftPackageReference "firebase-ios-sdk" */;
			productName = FirebaseCore;
		};
		3F755D82302CA9BD00344C25 /* FirebaseCrashlytics */ = {
			isa = XCSwiftPackageProductDependency;
			package = 3F755D7D302CA9BD00344C25 /* XCRemoteSwiftPackageReference "firebase-ios-sdk" */;
			productName = FirebaseCrashlytics;
		};
		3F755D84302CA9BD00344C25 /* FirebaseFirestore */ = {
			isa = XCSwiftPackageProductDependency;
			package = 3F755D7D302CA9BD00344C25 /* XCRemoteSwiftPackageReference "firebase-ios-sdk" */;
			productName = FirebaseFirestore;
		};
		3FBA5CFC302D3A07004D889A /* FirebaseMessaging */ = {
			isa = XCSwiftPackageProductDependency;
			package = 3F755D7D302CA9BD00344C25 /* XCRemoteSwiftPackageReference "firebase-ios-sdk" */;
			productName = FirebaseMessaging;
		};
		3FF7DD1C3006EB1E00927CC5 /* GoogleSignIn */ = {
			isa = XCSwiftPackageProductDependency;
			package = 3FF7DD1B3006EB1E00927CC5 /* XCRemoteSwiftPackageReference "GoogleSignIn-iOS" */;
			productName = GoogleSignIn;
		};
		3FF7DD1E3006EB1E00927CC5 /* GoogleSignInSwift */ = {
			isa = XCSwiftPackageProductDependency;
			package = 3FF7DD1B3006EB1E00927CC5 /* XCRemoteSwiftPackageReference "GoogleSignIn-iOS" */;
			productName = GoogleSignInSwift;
		};
/* End XCSwiftPackageProductDependency section */
	};
	rootObject = 3F59B6DB2F81DB4200FA5F86 /* Project object */;
}
